
Microsoft Visual Studio Solution File, Format Version 12.00
# Visual Studio Version 17
VisualStudioVersion = 17.13.36105.23 d17.13
MinimumVisualStudioVersion = 10.0.40219.1
Project("{FAE04EC0-301F-11D3-BF4B-00C04F79EFBC}") = "second_project", "second_project.csproj", "{ED9D0031-1588-48F4-B33D-20D96F101A39}"
EndProject
Global
	GlobalSection(SolutionConfigurationPlatforms) = preSolution
		Debug|Any CPU = Debug|Any CPU
		Release|Any CPU = Release|Any CPU
	EndGlobalSection
	GlobalSection(ProjectConfigurationPlatforms) = postSolution
		{ED9D0031-1588-48F4-B33D-20D96F101A39}.Debug|Any CPU.ActiveCfg = Debug|Any CPU
		{ED9D0031-1588-48F4-B33D-20D96F101A39}.Debug|Any CPU.Build.0 = Debug|Any CPU
		{ED9D0031-1588-48F4-B33D-20D96F101A39}.Release|Any CPU.ActiveCfg = Release|Any CPU
		{ED9D0031-1588-48F4-B33D-20D96F101A39}.Release|Any CPU.Build.0 = Release|Any CPU
	EndGlobalSection
	GlobalSection(SolutionProperties) = preSolution
		HideSolutionNode = FALSE
	EndGlobalSection
	GlobalSection(ExtensibilityGlobals) = postSolution
		SolutionGuid = {AB4B354A-CBF5-4C43-83B3-7DB6318B3DBA}
	EndGlobalSection
EndGlobal
